
Microsoft Visual Studio Solution File, Format Version 12.00
# Visual Studio 15
VisualStudioVersion = 15.0.27703.2026
MinimumVisualStudioVersion = 10.0.40219.1
Project("{8BC9CEB8-8B4A-11D0-8D11-00A0C91BC942}") = "MPI_Comm_Structure", "MPI_Comm_Structure\MPI_Comm_Structure.vcxproj", "{53E2FF3F-0A56-4814-9DBB-21570B443808}"
EndProject
Global
	GlobalSection(SolutionConfigurationPlatforms) = preSolution
		Debug|x64 = Debug|x64
		Debug|x86 = Debug|x86
		Release|x64 = Release|x64
		Release|x86 = Release|x86
	EndGlobalSection
	GlobalSection(ProjectConfigurationPlatforms) = postSolution
		{53E2FF3F-0A56-4814-9DBB-21570B443808}.Debug|x64.ActiveCfg = Debug|x64
		{53E2FF3F-0A56-4814-9DBB-21570B443808}.Debug|x64.Build.0 = Debug|x64
		{53E2FF3F-0A56-4814-9DBB-21570B443808}.Debug|x86.ActiveCfg = Debug|Win32
		{53E2FF3F-0A56-4814-9DBB-21570B443808}.Debug|x86.Build.0 = Debug|Win32
		{53E2FF3F-0A56-4814-9DBB-21570B443808}.Release|x64.ActiveCfg = Release|x64
		{53E2FF3F-0A56-4814-9DBB-21570B443808}.Release|x64.Build.0 = Release|x64
		{53E2FF3F-0A56-4814-9DBB-21570B443808}.Release|x86.ActiveCfg = Release|Win32
		{53E2FF3F-0A56-4814-9DBB-21570B443808}.Release|x86.Build.0 = Release|Win32
	EndGlobalSection
	GlobalSection(SolutionProperties) = preSolution
		HideSolutionNode = FALSE
	EndGlobalSection
	GlobalSection(ExtensibilityGlobals) = postSolution
		SolutionGuid = {B574769B-44B4-455B-8B9D-EAFB8A859288}
	EndGlobalSection
EndGlobal
